PODS:
  - AFNetworking (4.0.1):
    - AFNetworking/NSURLSession (= 4.0.1)
    - AFNetworking/Reachability (= 4.0.1)
    - AFNetworking/Security (= 4.0.1)
    - AFNetworking/Serialization (= 4.0.1)
    - AFNetworking/UIKit (= 4.0.1)
  - AFNetworking/NSURLSession (4.0.1):
    - AFNetworking/Reachability
    - AFNetworking/Security
    - AFNetworking/Serialization
  - AFNetworking/Reachability (4.0.1)
  - AFNetworking/Security (4.0.1)
  - AFNetworking/Serialization (4.0.1)
  - AFNetworking/UIKit (4.0.1):
    - AFNetworking/NSURLSession
  - FBSnapshotTestCase (2.1.4):
    - FBSnapshotTestCase/SwiftSupport (= 2.1.4)
  - FBSnapshotTestCase/Core (2.1.4)
  - FBSnapshotTestCase/SwiftSupport (2.1.4):
    - FBSnapshotTestCase/Core
  - ZCReLogger (0.1.0):
    - AFNetworking

DEPENDENCIES:
  - FBSnapshotTestCase
  - ZCReLogger (from `../`)

SPEC REPOS:
  trunk:
    - AFNetworking
    - FBSnapshotTestCase

EXTERNAL SOURCES:
  ZCReLogger:
    :path: "../"

SPEC CHECKSUMS:
  AFNetworking: 7864c38297c79aaca1500c33288e429c3451fdce
  FBSnapshotTestCase: 094f9f314decbabe373b87cc339bea235a63e07a
  ZCReLogger: ee36dc8e413f9086c209193fbed3f7953e3fcf1e

PODFILE CHECKSUM: afc95ea83f0a683303277fcf7989615d00e21592

COCOAPODS: 1.10.1
